
Microsoft Visual Studio Solution File, Format Version 12.00
# Visual Studio 15
VisualStudioVersion = 15.0.27428.2015
MinimumVisualStudioVersion = 10.0.40219.1
Project("{FAE04EC0-301F-11D3-BF4B-00C04F79EFBC}") = "LightBuzz.Settings.Unity", "LightBuzz.Settings.Unity\LightBuzz.Settings.Unity.csproj", "{2969CC33-F971-4140-81FF-E2846190C40B}"
EndProject
Global
	GlobalSection(SolutionConfigurationPlatforms) = preSolution
		Debug|Any CPU = Debug|Any CPU
		Release|Any CPU = Release|Any CPU
	EndGlobalSection
	GlobalSection(ProjectConfigurationPlatforms) = postSolution
		{2969CC33-F971-4140-81FF-E2846190C40B}.Debug|Any CPU.ActiveCfg = Debug|Any CPU
		{2969CC33-F971-4140-81FF-E2846190C40B}.Debug|Any CPU.Build.0 = Debug|Any CPU
		{2969CC33-F971-4140-81FF-E2846190C40B}.Release|Any CPU.ActiveCfg = Release|Any CPU
		{2969CC33-F971-4140-81FF-E2846190C40B}.Release|Any CPU.Build.0 = Release|Any CPU
	EndGlobalSection
	GlobalSection(SolutionProperties) = preSolution
		HideSolutionNode = FALSE
	EndGlobalSection
	GlobalSection(ExtensibilityGlobals) = postSolution
		SolutionGuid = {53F414DF-D3F7-496D-A0F1-E5962A6247ED}
	EndGlobalSection
EndGlobal
